
Microsoft Visual Studio Solution File, Format Version 12.00
# Visual Studio 15
VisualStudioVersion = 15.0.28307.438
MinimumVisualStudioVersion = 10.0.40219.1
Project("{9A19103F-16F7-4668-BE54-9A1E7A4F7556}") = "RestBuy.Web", "RestBuy.Web\RestBuy.Web.csproj", "{7A2EAA3F-AB0C-4093-A9CA-06ABA56616E1}"
EndProject
Project("{9A19103F-16F7-4668-BE54-9A1E7A4F7556}") = "RestBuy", "BestBuy\RestBuy.csproj", "{0E1DFC5D-6C7F-4069-891A-4CC127E47D40}"
EndProject
Project("{9A19103F-16F7-4668-BE54-9A1E7A4F7556}") = "RestBuy.Infrastructure", "RestBuy.Infrastructure\RestBuy.Infrastructure.csproj", "{40B8C0E6-3D18-4E1F-A7D8-51DF349440C4}"
EndProject
Project("{9A19103F-16F7-4668-BE54-9A1E7A4F7556}") = "RestBuy.Application", "RestBuy.Application\RestBuy.Application.csproj", "{EDA79851-CAAF-46AC-871A-8A1D3084721E}"
EndProject
Project("{FAE04EC0-301F-11D3-BF4B-00C04F79EFBC}") = "RestBuy.Test", "RestBuy.Test\RestBuy.Test.csproj", "{FFFF8714-76B1-43E8-A8BB-835C66974E91}"
EndProject
Global
	GlobalSection(SolutionConfigurationPlatforms) = preSolution
		Debug|Any CPU = Debug|Any CPU
		Release|Any CPU = Release|Any CPU
	EndGlobalSection
	GlobalSection(ProjectConfigurationPlatforms) = postSolution
		{7A2EAA3F-AB0C-4093-A9CA-06ABA56616E1}.Debug|Any CPU.ActiveCfg = Debug|Any CPU
		{7A2EAA3F-AB0C-4093-A9CA-06ABA56616E1}.Debug|Any CPU.Build.0 = Debug|Any CPU
		{7A2EAA3F-AB0C-4093-A9CA-06ABA56616E1}.Release|Any CPU.ActiveCfg = Release|Any CPU
		{7A2EAA3F-AB0C-4093-A9CA-06ABA56616E1}.Release|Any CPU.Build.0 = Release|Any CPU
		{0E1DFC5D-6C7F-4069-891A-4CC127E47D40}.Debug|Any CPU.ActiveCfg = Debug|Any CPU
		{0E1DFC5D-6C7F-4069-891A-4CC127E47D40}.Debug|Any CPU.Build.0 = Debug|Any CPU
		{0E1DFC5D-6C7F-4069-891A-4CC127E47D40}.Release|Any CPU.ActiveCfg = Release|Any CPU
		{0E1DFC5D-6C7F-4069-891A-4CC127E47D40}.Release|Any CPU.Build.0 = Release|Any CPU
		{40B8C0E6-3D18-4E1F-A7D8-51DF349440C4}.Debug|Any CPU.ActiveCfg = Debug|Any CPU
		{40B8C0E6-3D18-4E1F-A7D8-51DF349440C4}.Debug|Any CPU.Build.0 = Debug|Any CPU
		{40B8C0E6-3D18-4E1F-A7D8-51DF349440C4}.Release|Any CPU.ActiveCfg = Release|Any CPU
		{40B8C0E6-3D18-4E1F-A7D8-51DF349440C4}.Release|Any CPU.Build.0 = Release|Any CPU
		{EDA79851-CAAF-46AC-871A-8A1D3084721E}.Debug|Any CPU.ActiveCfg = Debug|Any CPU
		{EDA79851-CAAF-46AC-871A-8A1D3084721E}.Debug|Any CPU.Build.0 = Debug|Any CPU
		{EDA79851-CAAF-46AC-871A-8A1D3084721E}.Release|Any CPU.ActiveCfg = Release|Any CPU
		{EDA79851-CAAF-46AC-871A-8A1D3084721E}.Release|Any CPU.Build.0 = Release|Any CPU
		{FFFF8714-76B1-43E8-A8BB-835C66974E91}.Debug|Any CPU.ActiveCfg = Debug|Any CPU
		{FFFF8714-76B1-43E8-A8BB-835C66974E91}.Debug|Any CPU.Build.0 = Debug|Any CPU
		{FFFF8714-76B1-43E8-A8BB-835C66974E91}.Release|Any CPU.ActiveCfg = Release|Any CPU
		{FFFF8714-76B1-43E8-A8BB-835C66974E91}.Release|Any CPU.Build.0 = Release|Any CPU
	EndGlobalSection
	GlobalSection(SolutionProperties) = preSolution
		HideSolutionNode = FALSE
	EndGlobalSection
	GlobalSection(ExtensibilityGlobals) = postSolution
		SolutionGuid = {FAB487DF-7A68-4CB0-A71C-AA01619B237C}
	EndGlobalSection
EndGlobal
